
Microsoft Visual Studio Solution File, Format Version 12.00
# Visual Studio Version 17
VisualStudioVersion = 17.2.32616.157
MinimumVisualStudioVersion = 10.0.40219.1
Project("{9A19103F-16F7-4668-BE54-9A1E7A4F7556}") = "CodingTestGround", "CodingTestGround.csproj", "{E3F5143C-50A9-4309-8EB1-F89F881F9A23}"
EndProject
Project("{FAE04EC0-301F-11D3-BF4B-00C04F79EFBC}") = "CodingTestGround_Client", "..\CodingTestGround_Client\CodingTestGround_Client.csproj", "{C649E96D-A118-4386-B3B6-0C848B2B46F5}"
EndProject
Global
	GlobalSection(SolutionConfigurationPlatforms) = preSolution
		Debug|Any CPU = Debug|Any CPU
		Release|Any CPU = Release|Any CPU
	EndGlobalSection
	GlobalSection(ProjectConfigurationPlatforms) = postSolution
		{E3F5143C-50A9-4309-8EB1-F89F881F9A23}.Debug|Any CPU.ActiveCfg = Debug|Any CPU
		{E3F5143C-50A9-4309-8EB1-F89F881F9A23}.Debug|Any CPU.Build.0 = Debug|Any CPU
		{E3F5143C-50A9-4309-8EB1-F89F881F9A23}.Release|Any CPU.ActiveCfg = Release|Any CPU
		{E3F5143C-50A9-4309-8EB1-F89F881F9A23}.Release|Any CPU.Build.0 = Release|Any CPU
		{C649E96D-A118-4386-B3B6-0C848B2B46F5}.Debug|Any CPU.ActiveCfg = Debug|Any CPU
		{C649E96D-A118-4386-B3B6-0C848B2B46F5}.Debug|Any CPU.Build.0 = Debug|Any CPU
		{C649E96D-A118-4386-B3B6-0C848B2B46F5}.Release|Any CPU.ActiveCfg = Release|Any CPU
		{C649E96D-A118-4386-B3B6-0C848B2B46F5}.Release|Any CPU.Build.0 = Release|Any CPU
	EndGlobalSection
	GlobalSection(SolutionProperties) = preSolution
		HideSolutionNode = FALSE
	EndGlobalSection
	GlobalSection(ExtensibilityGlobals) = postSolution
		SolutionGuid = {F528215C-E7E5-4442-B05E-E8D8E19856DA}
	EndGlobalSection
EndGlobal
