
Microsoft Visual Studio Solution File, Format Version 12.00
# Visual Studio Version 17
VisualStudioVersion = 17.3.32811.315
MinimumVisualStudioVersion = 10.0.40219.1
Project("{9A19103F-16F7-4668-BE54-9A1E7A4F7556}") = "GameNetwork_1", "GameNetwork_1.csproj", "{E8B5DDE8-B14A-4200-B14F-7AA89BA3B0A2}"
EndProject
Project("{9A19103F-16F7-4668-BE54-9A1E7A4F7556}") = "SocketProgramming_1_Server", "..\SocketProgramming_1_Server\SocketProgramming_1_Server.csproj", "{13A099FF-B4C4-44E7-B087-564629E59646}"
EndProject
Project("{9A19103F-16F7-4668-BE54-9A1E7A4F7556}") = "SocketProgramming_1_Client", "..\SocketProgramming_1_Client\SocketProgramming_1_Client.csproj", "{AA624086-E48D-44E2-BF46-42FCE68CD6CC}"
EndProject
Project("{9A19103F-16F7-4668-BE54-9A1E7A4F7556}") = "TryCatchExample", "..\TryCatchExample\TryCatchExample.csproj", "{5D4DC821-1265-4248-AA88-77D3AAA38C40}"
EndProject
Project("{9A19103F-16F7-4668-BE54-9A1E7A4F7556}") = "강사님코드", "..\강사님코드\강사님코드.csproj", "{09E71717-C0A8-4706-8F11-BA00651F8408}"
EndProject
Project("{9A19103F-16F7-4668-BE54-9A1E7A4F7556}") = "ThreadExample", "..\ThreadExample\ThreadExample.csproj", "{A6F61EA9-D7EF-4916-B2F2-800127375233}"
EndProject
Project("{9A19103F-16F7-4668-BE54-9A1E7A4F7556}") = "SocketProgramming_2_Thread_Server", "..\SocketProgramming_2_Thread_Server\SocketProgramming_2_Thread_Server.csproj", "{D7B4F4B8-8D2E-4C81-A6ED-DCF9D2609B96}"
EndProject
Project("{9A19103F-16F7-4668-BE54-9A1E7A4F7556}") = "SocketProgramming_2_Thread_Client", "..\SocketProgramming_2_Thread_Client\SocketProgramming_2_Thread_Client.csproj", "{52ADE078-78A4-465C-8E65-2FBE042ED431}"
EndProject
Project("{FAE04EC0-301F-11D3-BF4B-00C04F79EFBC}") = "TestGround", "..\TestGround\TestGround.csproj", "{8888496F-57AD-425C-BD44-6BB0BE8739CA}"
EndProject
Project("{FAE04EC0-301F-11D3-BF4B-00C04F79EFBC}") = "TestGround_1", "..\TestGround_1\TestGround_1.csproj", "{7A84D450-A02F-42C9-893D-4413A88B6022}"
EndProject
Global
	GlobalSection(SolutionConfigurationPlatforms) = preSolution
		Debug|Any CPU = Debug|Any CPU
		Release|Any CPU = Release|Any CPU
	EndGlobalSection
	GlobalSection(ProjectConfigurationPlatforms) = postSolution
		{E8B5DDE8-B14A-4200-B14F-7AA89BA3B0A2}.Debug|Any CPU.ActiveCfg = Debug|Any CPU
		{E8B5DDE8-B14A-4200-B14F-7AA89BA3B0A2}.Debug|Any CPU.Build.0 = Debug|Any CPU
		{E8B5DDE8-B14A-4200-B14F-7AA89BA3B0A2}.Release|Any CPU.ActiveCfg = Release|Any CPU
		{E8B5DDE8-B14A-4200-B14F-7AA89BA3B0A2}.Release|Any CPU.Build.0 = Release|Any CPU
		{13A099FF-B4C4-44E7-B087-564629E59646}.Debug|Any CPU.ActiveCfg = Debug|Any CPU
		{13A099FF-B4C4-44E7-B087-564629E59646}.Debug|Any CPU.Build.0 = Debug|Any CPU
		{13A099FF-B4C4-44E7-B087-564629E59646}.Release|Any CPU.ActiveCfg = Release|Any CPU
		{13A099FF-B4C4-44E7-B087-564629E59646}.Release|Any CPU.Build.0 = Release|Any CPU
		{AA624086-E48D-44E2-BF46-42FCE68CD6CC}.Debug|Any CPU.ActiveCfg = Debug|Any CPU
		{AA624086-E48D-44E2-BF46-42FCE68CD6CC}.Debug|Any CPU.Build.0 = Debug|Any CPU
		{AA624086-E48D-44E2-BF46-42FCE68CD6CC}.Release|Any CPU.ActiveCfg = Release|Any CPU
		{AA624086-E48D-44E2-BF46-42FCE68CD6CC}.Release|Any CPU.Build.0 = Release|Any CPU
		{5D4DC821-1265-4248-AA88-77D3AAA38C40}.Debug|Any CPU.ActiveCfg = Debug|Any CPU
		{5D4DC821-1265-4248-AA88-77D3AAA38C40}.Debug|Any CPU.Build.0 = Debug|Any CPU
		{5D4DC821-1265-4248-AA88-77D3AAA38C40}.Release|Any CPU.ActiveCfg = Release|Any CPU
		{5D4DC821-1265-4248-AA88-77D3AAA38C40}.Release|Any CPU.Build.0 = Release|Any CPU
		{09E71717-C0A8-4706-8F11-BA00651F8408}.Debug|Any CPU.ActiveCfg = Debug|Any CPU
		{09E71717-C0A8-4706-8F11-BA00651F8408}.Debug|Any CPU.Build.0 = Debug|Any CPU
		{09E71717-C0A8-4706-8F11-BA00651F8408}.Release|Any CPU.ActiveCfg = Release|Any CPU
		{09E71717-C0A8-4706-8F11-BA00651F8408}.Release|Any CPU.Build.0 = Release|Any CPU
		{A6F61EA9-D7EF-4916-B2F2-800127375233}.Debug|Any CPU.ActiveCfg = Debug|Any CPU
		{A6F61EA9-D7EF-4916-B2F2-800127375233}.Debug|Any CPU.Build.0 = Debug|Any CPU
		{A6F61EA9-D7EF-4916-B2F2-800127375233}.Release|Any CPU.ActiveCfg = Release|Any CPU
		{A6F61EA9-D7EF-4916-B2F2-800127375233}.Release|Any CPU.Build.0 = Release|Any CPU
		{D7B4F4B8-8D2E-4C81-A6ED-DCF9D2609B96}.Debug|Any CPU.ActiveCfg = Debug|Any CPU
		{D7B4F4B8-8D2E-4C81-A6ED-DCF9D2609B96}.Debug|Any CPU.Build.0 = Debug|Any CPU
		{D7B4F4B8-8D2E-4C81-A6ED-DCF9D2609B96}.Release|Any CPU.ActiveCfg = Release|Any CPU
		{D7B4F4B8-8D2E-4C81-A6ED-DCF9D2609B96}.Release|Any CPU.Build.0 = Release|Any CPU
		{52ADE078-78A4-465C-8E65-2FBE042ED431}.Debug|Any CPU.ActiveCfg = Debug|Any CPU
		{52ADE078-78A4-465C-8E65-2FBE042ED431}.Debug|Any CPU.Build.0 = Debug|Any CPU
		{52ADE078-78A4-465C-8E65-2FBE042ED431}.Release|Any CPU.ActiveCfg = Release|Any CPU
		{52ADE078-78A4-465C-8E65-2FBE042ED431}.Release|Any CPU.Build.0 = Release|Any CPU
		{8888496F-57AD-425C-BD44-6BB0BE8739CA}.Debug|Any CPU.ActiveCfg = Debug|Any CPU
		{8888496F-57AD-425C-BD44-6BB0BE8739CA}.Debug|Any CPU.Build.0 = Debug|Any CPU
		{8888496F-57AD-425C-BD44-6BB0BE8739CA}.Release|Any CPU.ActiveCfg = Release|Any CPU
		{8888496F-57AD-425C-BD44-6BB0BE8739CA}.Release|Any CPU.Build.0 = Release|Any CPU
		{7A84D450-A02F-42C9-893D-4413A88B6022}.Debug|Any CPU.ActiveCfg = Debug|Any CPU
		{7A84D450-A02F-42C9-893D-4413A88B6022}.Debug|Any CPU.Build.0 = Debug|Any CPU
		{7A84D450-A02F-42C9-893D-4413A88B6022}.Release|Any CPU.ActiveCfg = Release|Any CPU
		{7A84D450-A02F-42C9-893D-4413A88B6022}.Release|Any CPU.Build.0 = Release|Any CPU
	EndGlobalSection
	GlobalSection(SolutionProperties) = preSolution
		HideSolutionNode = FALSE
	EndGlobalSection
	GlobalSection(ExtensibilityGlobals) = postSolution
		SolutionGuid = {BAF2F8E0-D1F9-4320-9304-996082367A23}
	EndGlobalSection
EndGlobal
