
Microsoft Visual Studio Solution File, Format Version 12.00
# Visual Studio Version 17
VisualStudioVersion = 17.3.32811.315
MinimumVisualStudioVersion = 10.0.40219.1
Project("{9A19103F-16F7-4668-BE54-9A1E7A4F7556}") = "GameNetwork_1", "GameNetwork_1.csproj", "{E8B5DDE8-B14A-4200-B14F-7AA89BA3B0A2}"
EndProject
Project("{9A19103F-16F7-4668-BE54-9A1E7A4F7556}") = "SocketProgramming_1_Server", "..\SocketProgramming_1_Server\SocketProgramming_1_Server.csproj", "{13A099FF-B4C4-44E7-B087-564629E59646}"
EndProject
Project("{9A19103F-16F7-4668-BE54-9A1E7A4F7556}") = "SocketProgramming_1_Client", "..\SocketProgramming_1_Client\SocketProgramming_1_Client.csproj", "{AA624086-E48D-44E2-BF46-42FCE68CD6CC}"
EndProject
Project("{9A19103F-16F7-4668-BE54-9A1E7A4F7556}") = "TryCatchExample", "..\TryCatchExample\TryCatchExample.csproj", "{5D4DC821-1265-4248-AA88-77D3AAA38C40}"
EndProject
Project("{9A19103F-16F7-4668-BE54-9A1E7A4F7556}") = "강사님코드", "..\강사님코드\강사님코드.csproj", "{09E71717-C0A8-4706-8F11-BA00651F8408}"
EndProject
Project("{9A19103F-16F7-4668-BE54-9A1E7A4F7556}") = "ThreadExample", "..\ThreadExample\ThreadExample.csproj", "{A6F61EA9-D7EF-4916-B2F2-800127375233}"
EndProject
Project("{9A19103F-16F7-4668-BE54-9A1E7A4F7556}") = "SocketProgramming_2_Thread_Server", "..\SocketProgramming_2_Thread_Server\SocketProgramming_2_Thread_Server.csproj", "{D7B4F4B8-8D2E-4C81-A6ED-DCF9D2609B96}"
EndProject
Project("{9A19103F-16F7-4668-BE54-9A1E7A4F7556}") = "SocketProgramming_2_Thread_Client", "..\SocketProgramming_2_Thread_Client\SocketProgramming_2_Thread_Client.csproj", "{52ADE078-78A4-465C-8E65-2FBE042ED431}"
EndProject
Project("{9A19103F-16F7-4668-BE54-9A1E7A4F7556}") = "TestGround_Client", "..\TestGround\TestGround_Client.csproj", "{8888496F-57AD-425C-BD44-6BB0BE8739CA}"
EndProject
Project("{9A19103F-16F7-4668-BE54-9A1E7A4F7556}") = "TestGround_Server", "..\TestGround_1\TestGround_Server.csproj", "{7A84D450-A02F-42C9-893D-4413A88B6022}"
EndProject
Project("{9A19103F-16F7-4668-BE54-9A1E7A4F7556}") = "SocketProgramming_3_Asnc_Server", "..\SocketProgramming_3_Asnc_Server\SocketProgramming_3_Asnc_Server.csproj", "{7B6E99C3-E53F-4729-A042-F46A67B8DBD0}"
EndProject
Project("{9A19103F-16F7-4668-BE54-9A1E7A4F7556}") = "DataStructure", "..\DataStructure\DataStructure.csproj", "{0F9B1303-E4D4-45E8-9218-F566B7501CD5}"
EndProject
Project("{FAE04EC0-301F-11D3-BF4B-00C04F79EFBC}") = "Chatting_1_Client", "..\Chatting_1_Client\Chatting_1_Client.csproj", "{3FA77B50-16FF-48EF-9EAE-6C6704C39504}"
EndProject
Project("{FAE04EC0-301F-11D3-BF4B-00C04F79EFBC}") = "Chatting_1_Server", "..\Chatting_1_Server\Chatting_1_Server.csproj", "{33A739C9-0AD6-4309-B6EA-9375F1D3820D}"
EndProject
Project("{FAE04EC0-301F-11D3-BF4B-00C04F79EFBC}") = "P2P_1_Server", "..\P2P_1_Server\P2P_1_Server.csproj", "{34BAD8C3-88FD-40BD-A130-4DC68C8E16B6}"
EndProject
Project("{9A19103F-16F7-4668-BE54-9A1E7A4F7556}") = "Chatting_1_ProcessChecker", "..\Chatting_1_ProcessChecker\Chatting_1_ProcessChecker.csproj", "{5F8B489B-CC88-4E9D-B8FA-979166A8A2E2}"
EndProject
Project("{9A19103F-16F7-4668-BE54-9A1E7A4F7556}") = "TestBasic_Enum", "..\TestBasic_Enum\TestBasic_Enum.csproj", "{2AB84C17-F246-44B0-AE64-CEED94685A03}"
EndProject
Project("{9A19103F-16F7-4668-BE54-9A1E7A4F7556}") = "TestDelegate", "..\TestDelegate\TestDelegate.csproj", "{3C2DB953-7FE6-4027-BD21-D1B44535437D}"
EndProject
Project("{8BC9CEB8-8B4A-11D0-8D11-00A0C91BC942}") = "C++_BitField_Example", "..\C++_BitField_Example\C++_BitField_Example.vcxproj", "{B6E4E5C9-9006-4F3B-BD96-B331577EC93D}"
EndProject
Project("{FAE04EC0-301F-11D3-BF4B-00C04F79EFBC}") = "시험용도", "..\시험용도\시험용도.csproj", "{D76A2B0C-329F-4A6A-89EF-918E3FACCB37}"
EndProject
Global
	GlobalSection(SolutionConfigurationPlatforms) = preSolution
		Debug|Any CPU = Debug|Any CPU
		Debug|x64 = Debug|x64
		Debug|x86 = Debug|x86
		Release|Any CPU = Release|Any CPU
		Release|x64 = Release|x64
		Release|x86 = Release|x86
	EndGlobalSection
	GlobalSection(ProjectConfigurationPlatforms) = postSolution
		{E8B5DDE8-B14A-4200-B14F-7AA89BA3B0A2}.Debug|Any CPU.ActiveCfg = Debug|Any CPU
		{E8B5DDE8-B14A-4200-B14F-7AA89BA3B0A2}.Debug|Any CPU.Build.0 = Debug|Any CPU
		{E8B5DDE8-B14A-4200-B14F-7AA89BA3B0A2}.Debug|x64.ActiveCfg = Debug|Any CPU
		{E8B5DDE8-B14A-4200-B14F-7AA89BA3B0A2}.Debug|x64.Build.0 = Debug|Any CPU
		{E8B5DDE8-B14A-4200-B14F-7AA89BA3B0A2}.Debug|x86.ActiveCfg = Debug|Any CPU
		{E8B5DDE8-B14A-4200-B14F-7AA89BA3B0A2}.Debug|x86.Build.0 = Debug|Any CPU
		{E8B5DDE8-B14A-4200-B14F-7AA89BA3B0A2}.Release|Any CPU.ActiveCfg = Release|Any CPU
		{E8B5DDE8-B14A-4200-B14F-7AA89BA3B0A2}.Release|Any CPU.Build.0 = Release|Any CPU
		{E8B5DDE8-B14A-4200-B14F-7AA89BA3B0A2}.Release|x64.ActiveCfg = Release|Any CPU
		{E8B5DDE8-B14A-4200-B14F-7AA89BA3B0A2}.Release|x64.Build.0 = Release|Any CPU
		{E8B5DDE8-B14A-4200-B14F-7AA89BA3B0A2}.Release|x86.ActiveCfg = Release|Any CPU
		{E8B5DDE8-B14A-4200-B14F-7AA89BA3B0A2}.Release|x86.Build.0 = Release|Any CPU
		{13A099FF-B4C4-44E7-B087-564629E59646}.Debug|Any CPU.ActiveCfg = Debug|Any CPU
		{13A099FF-B4C4-44E7-B087-564629E59646}.Debug|Any CPU.Build.0 = Debug|Any CPU
		{13A099FF-B4C4-44E7-B087-564629E59646}.Debug|x64.ActiveCfg = Debug|Any CPU
		{13A099FF-B4C4-44E7-B087-564629E59646}.Debug|x64.Build.0 = Debug|Any CPU
		{13A099FF-B4C4-44E7-B087-564629E59646}.Debug|x86.ActiveCfg = Debug|Any CPU
		{13A099FF-B4C4-44E7-B087-564629E59646}.Debug|x86.Build.0 = Debug|Any CPU
		{13A099FF-B4C4-44E7-B087-564629E59646}.Release|Any CPU.ActiveCfg = Release|Any CPU
		{13A099FF-B4C4-44E7-B087-564629E59646}.Release|Any CPU.Build.0 = Release|Any CPU
		{13A099FF-B4C4-44E7-B087-564629E59646}.Release|x64.ActiveCfg = Release|Any CPU
		{13A099FF-B4C4-44E7-B087-564629E59646}.Release|x64.Build.0 = Release|Any CPU
		{13A099FF-B4C4-44E7-B087-564629E59646}.Release|x86.ActiveCfg = Release|Any CPU
		{13A099FF-B4C4-44E7-B087-564629E59646}.Release|x86.Build.0 = Release|Any CPU
		{AA624086-E48D-44E2-BF46-42FCE68CD6CC}.Debug|Any CPU.ActiveCfg = Debug|Any CPU
		{AA624086-E48D-44E2-BF46-42FCE68CD6CC}.Debug|Any CPU.Build.0 = Debug|Any CPU
		{AA624086-E48D-44E2-BF46-42FCE68CD6CC}.Debug|x64.ActiveCfg = Debug|Any CPU
		{AA624086-E48D-44E2-BF46-42FCE68CD6CC}.Debug|x64.Build.0 = Debug|Any CPU
		{AA624086-E48D-44E2-BF46-42FCE68CD6CC}.Debug|x86.ActiveCfg = Debug|Any CPU
		{AA624086-E48D-44E2-BF46-42FCE68CD6CC}.Debug|x86.Build.0 = Debug|Any CPU
		{AA624086-E48D-44E2-BF46-42FCE68CD6CC}.Release|Any CPU.ActiveCfg = Release|Any CPU
		{AA624086-E48D-44E2-BF46-42FCE68CD6CC}.Release|Any CPU.Build.0 = Release|Any CPU
		{AA624086-E48D-44E2-BF46-42FCE68CD6CC}.Release|x64.ActiveCfg = Release|Any CPU
		{AA624086-E48D-44E2-BF46-42FCE68CD6CC}.Release|x64.Build.0 = Release|Any CPU
		{AA624086-E48D-44E2-BF46-42FCE68CD6CC}.Release|x86.ActiveCfg = Release|Any CPU
		{AA624086-E48D-44E2-BF46-42FCE68CD6CC}.Release|x86.Build.0 = Release|Any CPU
		{5D4DC821-1265-4248-AA88-77D3AAA38C40}.Debug|Any CPU.ActiveCfg = Debug|Any CPU
		{5D4DC821-1265-4248-AA88-77D3AAA38C40}.Debug|Any CPU.Build.0 = Debug|Any CPU
		{5D4DC821-1265-4248-AA88-77D3AAA38C40}.Debug|x64.ActiveCfg = Debug|Any CPU
		{5D4DC821-1265-4248-AA88-77D3AAA38C40}.Debug|x64.Build.0 = Debug|Any CPU
		{5D4DC821-1265-4248-AA88-77D3AAA38C40}.Debug|x86.ActiveCfg = Debug|Any CPU
		{5D4DC821-1265-4248-AA88-77D3AAA38C40}.Debug|x86.Build.0 = Debug|Any CPU
		{5D4DC821-1265-4248-AA88-77D3AAA38C40}.Release|Any CPU.ActiveCfg = Release|Any CPU
		{5D4DC821-1265-4248-AA88-77D3AAA38C40}.Release|Any CPU.Build.0 = Release|Any CPU
		{5D4DC821-1265-4248-AA88-77D3AAA38C40}.Release|x64.ActiveCfg = Release|Any CPU
		{5D4DC821-1265-4248-AA88-77D3AAA38C40}.Release|x64.Build.0 = Release|Any CPU
		{5D4DC821-1265-4248-AA88-77D3AAA38C40}.Release|x86.ActiveCfg = Release|Any CPU
		{5D4DC821-1265-4248-AA88-77D3AAA38C40}.Release|x86.Build.0 = Release|Any CPU
		{09E71717-C0A8-4706-8F11-BA00651F8408}.Debug|Any CPU.ActiveCfg = Debug|Any CPU
		{09E71717-C0A8-4706-8F11-BA00651F8408}.Debug|Any CPU.Build.0 = Debug|Any CPU
		{09E71717-C0A8-4706-8F11-BA00651F8408}.Debug|x64.ActiveCfg = Debug|Any CPU
		{09E71717-C0A8-4706-8F11-BA00651F8408}.Debug|x64.Build.0 = Debug|Any CPU
		{09E71717-C0A8-4706-8F11-BA00651F8408}.Debug|x86.ActiveCfg = Debug|Any CPU
		{09E71717-C0A8-4706-8F11-BA00651F8408}.Debug|x86.Build.0 = Debug|Any CPU
		{09E71717-C0A8-4706-8F11-BA00651F8408}.Release|Any CPU.ActiveCfg = Release|Any CPU
		{09E71717-C0A8-4706-8F11-BA00651F8408}.Release|Any CPU.Build.0 = Release|Any CPU
		{09E71717-C0A8-4706-8F11-BA00651F8408}.Release|x64.ActiveCfg = Release|Any CPU
		{09E71717-C0A8-4706-8F11-BA00651F8408}.Release|x64.Build.0 = Release|Any CPU
		{09E71717-C0A8-4706-8F11-BA00651F8408}.Release|x86.ActiveCfg = Release|Any CPU
		{09E71717-C0A8-4706-8F11-BA00651F8408}.Release|x86.Build.0 = Release|Any CPU
		{A6F61EA9-D7EF-4916-B2F2-800127375233}.Debug|Any CPU.ActiveCfg = Debug|Any CPU
		{A6F61EA9-D7EF-4916-B2F2-800127375233}.Debug|Any CPU.Build.0 = Debug|Any CPU
		{A6F61EA9-D7EF-4916-B2F2-800127375233}.Debug|x64.ActiveCfg = Debug|Any CPU
		{A6F61EA9-D7EF-4916-B2F2-800127375233}.Debug|x64.Build.0 = Debug|Any CPU
		{A6F61EA9-D7EF-4916-B2F2-800127375233}.Debug|x86.ActiveCfg = Debug|Any CPU
		{A6F61EA9-D7EF-4916-B2F2-800127375233}.Debug|x86.Build.0 = Debug|Any CPU
		{A6F61EA9-D7EF-4916-B2F2-800127375233}.Release|Any CPU.ActiveCfg = Release|Any CPU
		{A6F61EA9-D7EF-4916-B2F2-800127375233}.Release|Any CPU.Build.0 = Release|Any CPU
		{A6F61EA9-D7EF-4916-B2F2-800127375233}.Release|x64.ActiveCfg = Release|Any CPU
		{A6F61EA9-D7EF-4916-B2F2-800127375233}.Release|x64.Build.0 = Release|Any CPU
		{A6F61EA9-D7EF-4916-B2F2-800127375233}.Release|x86.ActiveCfg = Release|Any CPU
		{A6F61EA9-D7EF-4916-B2F2-800127375233}.Release|x86.Build.0 = Release|Any CPU
		{D7B4F4B8-8D2E-4C81-A6ED-DCF9D2609B96}.Debug|Any CPU.ActiveCfg = Debug|Any CPU
		{D7B4F4B8-8D2E-4C81-A6ED-DCF9D2609B96}.Debug|Any CPU.Build.0 = Debug|Any CPU
		{D7B4F4B8-8D2E-4C81-A6ED-DCF9D2609B96}.Debug|x64.ActiveCfg = Debug|Any CPU
		{D7B4F4B8-8D2E-4C81-A6ED-DCF9D2609B96}.Debug|x64.Build.0 = Debug|Any CPU
		{D7B4F4B8-8D2E-4C81-A6ED-DCF9D2609B96}.Debug|x86.ActiveCfg = Debug|Any CPU
		{D7B4F4B8-8D2E-4C81-A6ED-DCF9D2609B96}.Debug|x86.Build.0 = Debug|Any CPU
		{D7B4F4B8-8D2E-4C81-A6ED-DCF9D2609B96}.Release|Any CPU.ActiveCfg = Release|Any CPU
		{D7B4F4B8-8D2E-4C81-A6ED-DCF9D2609B96}.Release|Any CPU.Build.0 = Release|Any CPU
		{D7B4F4B8-8D2E-4C81-A6ED-DCF9D2609B96}.Release|x64.ActiveCfg = Release|Any CPU
		{D7B4F4B8-8D2E-4C81-A6ED-DCF9D2609B96}.Release|x64.Build.0 = Release|Any CPU
		{D7B4F4B8-8D2E-4C81-A6ED-DCF9D2609B96}.Release|x86.ActiveCfg = Release|Any CPU
		{D7B4F4B8-8D2E-4C81-A6ED-DCF9D2609B96}.Release|x86.Build.0 = Release|Any CPU
		{52ADE078-78A4-465C-8E65-2FBE042ED431}.Debug|Any CPU.ActiveCfg = Debug|Any CPU
		{52ADE078-78A4-465C-8E65-2FBE042ED431}.Debug|Any CPU.Build.0 = Debug|Any CPU
		{52ADE078-78A4-465C-8E65-2FBE042ED431}.Debug|x64.ActiveCfg = Debug|Any CPU
		{52ADE078-78A4-465C-8E65-2FBE042ED431}.Debug|x64.Build.0 = Debug|Any CPU
		{52ADE078-78A4-465C-8E65-2FBE042ED431}.Debug|x86.ActiveCfg = Debug|Any CPU
		{52ADE078-78A4-465C-8E65-2FBE042ED431}.Debug|x86.Build.0 = Debug|Any CPU
		{52ADE078-78A4-465C-8E65-2FBE042ED431}.Release|Any CPU.ActiveCfg = Release|Any CPU
		{52ADE078-78A4-465C-8E65-2FBE042ED431}.Release|Any CPU.Build.0 = Release|Any CPU
		{52ADE078-78A4-465C-8E65-2FBE042ED431}.Release|x64.ActiveCfg = Release|Any CPU
		{52ADE078-78A4-465C-8E65-2FBE042ED431}.Release|x64.Build.0 = Release|Any CPU
		{52ADE078-78A4-465C-8E65-2FBE042ED431}.Release|x86.ActiveCfg = Release|Any CPU
		{52ADE078-78A4-465C-8E65-2FBE042ED431}.Release|x86.Build.0 = Release|Any CPU
		{8888496F-57AD-425C-BD44-6BB0BE8739CA}.Debug|Any CPU.ActiveCfg = Debug|Any CPU
		{8888496F-57AD-425C-BD44-6BB0BE8739CA}.Debug|Any CPU.Build.0 = Debug|Any CPU
		{8888496F-57AD-425C-BD44-6BB0BE8739CA}.Debug|x64.ActiveCfg = Debug|Any CPU
		{8888496F-57AD-425C-BD44-6BB0BE8739CA}.Debug|x64.Build.0 = Debug|Any CPU
		{8888496F-57AD-425C-BD44-6BB0BE8739CA}.Debug|x86.ActiveCfg = Debug|Any CPU
		{8888496F-57AD-425C-BD44-6BB0BE8739CA}.Debug|x86.Build.0 = Debug|Any CPU
		{8888496F-57AD-425C-BD44-6BB0BE8739CA}.Release|Any CPU.ActiveCfg = Release|Any CPU
		{8888496F-57AD-425C-BD44-6BB0BE8739CA}.Release|Any CPU.Build.0 = Release|Any CPU
		{8888496F-57AD-425C-BD44-6BB0BE8739CA}.Release|x64.ActiveCfg = Release|Any CPU
		{8888496F-57AD-425C-BD44-6BB0BE8739CA}.Release|x64.Build.0 = Release|Any CPU
		{8888496F-57AD-425C-BD44-6BB0BE8739CA}.Release|x86.ActiveCfg = Release|Any CPU
		{8888496F-57AD-425C-BD44-6BB0BE8739CA}.Release|x86.Build.0 = Release|Any CPU
		{7A84D450-A02F-42C9-893D-4413A88B6022}.Debug|Any CPU.ActiveCfg = Debug|Any CPU
		{7A84D450-A02F-42C9-893D-4413A88B6022}.Debug|Any CPU.Build.0 = Debug|Any CPU
		{7A84D450-A02F-42C9-893D-4413A88B6022}.Debug|x64.ActiveCfg = Debug|Any CPU
		{7A84D450-A02F-42C9-893D-4413A88B6022}.Debug|x64.Build.0 = Debug|Any CPU
		{7A84D450-A02F-42C9-893D-4413A88B6022}.Debug|x86.ActiveCfg = Debug|Any CPU
		{7A84D450-A02F-42C9-893D-4413A88B6022}.Debug|x86.Build.0 = Debug|Any CPU
		{7A84D450-A02F-42C9-893D-4413A88B6022}.Release|Any CPU.ActiveCfg = Release|Any CPU
		{7A84D450-A02F-42C9-893D-4413A88B6022}.Release|Any CPU.Build.0 = Release|Any CPU
		{7A84D450-A02F-42C9-893D-4413A88B6022}.Release|x64.ActiveCfg = Release|Any CPU
		{7A84D450-A02F-42C9-893D-4413A88B6022}.Release|x64.Build.0 = Release|Any CPU
		{7A84D450-A02F-42C9-893D-4413A88B6022}.Release|x86.ActiveCfg = Release|Any CPU
		{7A84D450-A02F-42C9-893D-4413A88B6022}.Release|x86.Build.0 = Release|Any CPU
		{7B6E99C3-E53F-4729-A042-F46A67B8DBD0}.Debug|Any CPU.ActiveCfg = Debug|Any CPU
		{7B6E99C3-E53F-4729-A042-F46A67B8DBD0}.Debug|Any CPU.Build.0 = Debug|Any CPU
		{7B6E99C3-E53F-4729-A042-F46A67B8DBD0}.Debug|x64.ActiveCfg = Debug|Any CPU
		{7B6E99C3-E53F-4729-A042-F46A67B8DBD0}.Debug|x64.Build.0 = Debug|Any CPU
		{7B6E99C3-E53F-4729-A042-F46A67B8DBD0}.Debug|x86.ActiveCfg = Debug|Any CPU
		{7B6E99C3-E53F-4729-A042-F46A67B8DBD0}.Debug|x86.Build.0 = Debug|Any CPU
		{7B6E99C3-E53F-4729-A042-F46A67B8DBD0}.Release|Any CPU.ActiveCfg = Release|Any CPU
		{7B6E99C3-E53F-4729-A042-F46A67B8DBD0}.Release|Any CPU.Build.0 = Release|Any CPU
		{7B6E99C3-E53F-4729-A042-F46A67B8DBD0}.Release|x64.ActiveCfg = Release|Any CPU
		{7B6E99C3-E53F-4729-A042-F46A67B8DBD0}.Release|x64.Build.0 = Release|Any CPU
		{7B6E99C3-E53F-4729-A042-F46A67B8DBD0}.Release|x86.ActiveCfg = Release|Any CPU
		{7B6E99C3-E53F-4729-A042-F46A67B8DBD0}.Release|x86.Build.0 = Release|Any CPU
		{0F9B1303-E4D4-45E8-9218-F566B7501CD5}.Debug|Any CPU.ActiveCfg = Debug|Any CPU
		{0F9B1303-E4D4-45E8-9218-F566B7501CD5}.Debug|Any CPU.Build.0 = Debug|Any CPU
		{0F9B1303-E4D4-45E8-9218-F566B7501CD5}.Debug|x64.ActiveCfg = Debug|Any CPU
		{0F9B1303-E4D4-45E8-9218-F566B7501CD5}.Debug|x64.Build.0 = Debug|Any CPU
		{0F9B1303-E4D4-45E8-9218-F566B7501CD5}.Debug|x86.ActiveCfg = Debug|Any CPU
		{0F9B1303-E4D4-45E8-9218-F566B7501CD5}.Debug|x86.Build.0 = Debug|Any CPU
		{0F9B1303-E4D4-45E8-9218-F566B7501CD5}.Release|Any CPU.ActiveCfg = Release|Any CPU
		{0F9B1303-E4D4-45E8-9218-F566B7501CD5}.Release|Any CPU.Build.0 = Release|Any CPU
		{0F9B1303-E4D4-45E8-9218-F566B7501CD5}.Release|x64.ActiveCfg = Release|Any CPU
		{0F9B1303-E4D4-45E8-9218-F566B7501CD5}.Release|x64.Build.0 = Release|Any CPU
		{0F9B1303-E4D4-45E8-9218-F566B7501CD5}.Release|x86.ActiveCfg = Release|Any CPU
		{0F9B1303-E4D4-45E8-9218-F566B7501CD5}.Release|x86.Build.0 = Release|Any CPU
		{3FA77B50-16FF-48EF-9EAE-6C6704C39504}.Debug|Any CPU.ActiveCfg = Debug|Any CPU
		{3FA77B50-16FF-48EF-9EAE-6C6704C39504}.Debug|Any CPU.Build.0 = Debug|Any CPU
		{3FA77B50-16FF-48EF-9EAE-6C6704C39504}.Debug|x64.ActiveCfg = Debug|Any CPU
		{3FA77B50-16FF-48EF-9EAE-6C6704C39504}.Debug|x64.Build.0 = Debug|Any CPU
		{3FA77B50-16FF-48EF-9EAE-6C6704C39504}.Debug|x86.ActiveCfg = Debug|Any CPU
		{3FA77B50-16FF-48EF-9EAE-6C6704C39504}.Debug|x86.Build.0 = Debug|Any CPU
		{3FA77B50-16FF-48EF-9EAE-6C6704C39504}.Release|Any CPU.ActiveCfg = Release|Any CPU
		{3FA77B50-16FF-48EF-9EAE-6C6704C39504}.Release|Any CPU.Build.0 = Release|Any CPU
		{3FA77B50-16FF-48EF-9EAE-6C6704C39504}.Release|x64.ActiveCfg = Release|Any CPU
		{3FA77B50-16FF-48EF-9EAE-6C6704C39504}.Release|x64.Build.0 = Release|Any CPU
		{3FA77B50-16FF-48EF-9EAE-6C6704C39504}.Release|x86.ActiveCfg = Release|Any CPU
		{3FA77B50-16FF-48EF-9EAE-6C6704C39504}.Release|x86.Build.0 = Release|Any CPU
		{33A739C9-0AD6-4309-B6EA-9375F1D3820D}.Debug|Any CPU.ActiveCfg = Debug|Any CPU
		{33A739C9-0AD6-4309-B6EA-9375F1D3820D}.Debug|Any CPU.Build.0 = Debug|Any CPU
		{33A739C9-0AD6-4309-B6EA-9375F1D3820D}.Debug|x64.ActiveCfg = Debug|Any CPU
		{33A739C9-0AD6-4309-B6EA-9375F1D3820D}.Debug|x64.Build.0 = Debug|Any CPU
		{33A739C9-0AD6-4309-B6EA-9375F1D3820D}.Debug|x86.ActiveCfg = Debug|Any CPU
		{33A739C9-0AD6-4309-B6EA-9375F1D3820D}.Debug|x86.Build.0 = Debug|Any CPU
		{33A739C9-0AD6-4309-B6EA-9375F1D3820D}.Release|Any CPU.ActiveCfg = Release|Any CPU
		{33A739C9-0AD6-4309-B6EA-9375F1D3820D}.Release|Any CPU.Build.0 = Release|Any CPU
		{33A739C9-0AD6-4309-B6EA-9375F1D3820D}.Release|x64.ActiveCfg = Release|Any CPU
		{33A739C9-0AD6-4309-B6EA-9375F1D3820D}.Release|x64.Build.0 = Release|Any CPU
		{33A739C9-0AD6-4309-B6EA-9375F1D3820D}.Release|x86.ActiveCfg = Release|Any CPU
		{33A739C9-0AD6-4309-B6EA-9375F1D3820D}.Release|x86.Build.0 = Release|Any CPU
		{34BAD8C3-88FD-40BD-A130-4DC68C8E16B6}.Debug|Any CPU.ActiveCfg = Debug|Any CPU
		{34BAD8C3-88FD-40BD-A130-4DC68C8E16B6}.Debug|Any CPU.Build.0 = Debug|Any CPU
		{34BAD8C3-88FD-40BD-A130-4DC68C8E16B6}.Debug|x64.ActiveCfg = Debug|Any CPU
		{34BAD8C3-88FD-40BD-A130-4DC68C8E16B6}.Debug|x64.Build.0 = Debug|Any CPU
		{34BAD8C3-88FD-40BD-A130-4DC68C8E16B6}.Debug|x86.ActiveCfg = Debug|Any CPU
		{34BAD8C3-88FD-40BD-A130-4DC68C8E16B6}.Debug|x86.Build.0 = Debug|Any CPU
		{34BAD8C3-88FD-40BD-A130-4DC68C8E16B6}.Release|Any CPU.ActiveCfg = Release|Any CPU
		{34BAD8C3-88FD-40BD-A130-4DC68C8E16B6}.Release|Any CPU.Build.0 = Release|Any CPU
		{34BAD8C3-88FD-40BD-A130-4DC68C8E16B6}.Release|x64.ActiveCfg = Release|Any CPU
		{34BAD8C3-88FD-40BD-A130-4DC68C8E16B6}.Release|x64.Build.0 = Release|Any CPU
		{34BAD8C3-88FD-40BD-A130-4DC68C8E16B6}.Release|x86.ActiveCfg = Release|Any CPU
		{34BAD8C3-88FD-40BD-A130-4DC68C8E16B6}.Release|x86.Build.0 = Release|Any CPU
		{5F8B489B-CC88-4E9D-B8FA-979166A8A2E2}.Debug|Any CPU.ActiveCfg = Debug|Any CPU
		{5F8B489B-CC88-4E9D-B8FA-979166A8A2E2}.Debug|Any CPU.Build.0 = Debug|Any CPU
		{5F8B489B-CC88-4E9D-B8FA-979166A8A2E2}.Debug|x64.ActiveCfg = Debug|Any CPU
		{5F8B489B-CC88-4E9D-B8FA-979166A8A2E2}.Debug|x64.Build.0 = Debug|Any CPU
		{5F8B489B-CC88-4E9D-B8FA-979166A8A2E2}.Debug|x86.ActiveCfg = Debug|Any CPU
		{5F8B489B-CC88-4E9D-B8FA-979166A8A2E2}.Debug|x86.Build.0 = Debug|Any CPU
		{5F8B489B-CC88-4E9D-B8FA-979166A8A2E2}.Release|Any CPU.ActiveCfg = Release|Any CPU
		{5F8B489B-CC88-4E9D-B8FA-979166A8A2E2}.Release|Any CPU.Build.0 = Release|Any CPU
		{5F8B489B-CC88-4E9D-B8FA-979166A8A2E2}.Release|x64.ActiveCfg = Release|Any CPU
		{5F8B489B-CC88-4E9D-B8FA-979166A8A2E2}.Release|x64.Build.0 = Release|Any CPU
		{5F8B489B-CC88-4E9D-B8FA-979166A8A2E2}.Release|x86.ActiveCfg = Release|Any CPU
		{5F8B489B-CC88-4E9D-B8FA-979166A8A2E2}.Release|x86.Build.0 = Release|Any CPU
		{2AB84C17-F246-44B0-AE64-CEED94685A03}.Debug|Any CPU.ActiveCfg = Debug|Any CPU
		{2AB84C17-F246-44B0-AE64-CEED94685A03}.Debug|Any CPU.Build.0 = Debug|Any CPU
		{2AB84C17-F246-44B0-AE64-CEED94685A03}.Debug|x64.ActiveCfg = Debug|Any CPU
		{2AB84C17-F246-44B0-AE64-CEED94685A03}.Debug|x64.Build.0 = Debug|Any CPU
		{2AB84C17-F246-44B0-AE64-CEED94685A03}.Debug|x86.ActiveCfg = Debug|Any CPU
		{2AB84C17-F246-44B0-AE64-CEED94685A03}.Debug|x86.Build.0 = Debug|Any CPU
		{2AB84C17-F246-44B0-AE64-CEED94685A03}.Release|Any CPU.ActiveCfg = Release|Any CPU
		{2AB84C17-F246-44B0-AE64-CEED94685A03}.Release|Any CPU.Build.0 = Release|Any CPU
		{2AB84C17-F246-44B0-AE64-CEED94685A03}.Release|x64.ActiveCfg = Release|Any CPU
		{2AB84C17-F246-44B0-AE64-CEED94685A03}.Release|x64.Build.0 = Release|Any CPU
		{2AB84C17-F246-44B0-AE64-CEED94685A03}.Release|x86.ActiveCfg = Release|Any CPU
		{2AB84C17-F246-44B0-AE64-CEED94685A03}.Release|x86.Build.0 = Release|Any CPU
		{3C2DB953-7FE6-4027-BD21-D1B44535437D}.Debug|Any CPU.ActiveCfg = Debug|Any CPU
		{3C2DB953-7FE6-4027-BD21-D1B44535437D}.Debug|Any CPU.Build.0 = Debug|Any CPU
		{3C2DB953-7FE6-4027-BD21-D1B44535437D}.Debug|x64.ActiveCfg = Debug|Any CPU
		{3C2DB953-7FE6-4027-BD21-D1B44535437D}.Debug|x64.Build.0 = Debug|Any CPU
		{3C2DB953-7FE6-4027-BD21-D1B44535437D}.Debug|x86.ActiveCfg = Debug|Any CPU
		{3C2DB953-7FE6-4027-BD21-D1B44535437D}.Debug|x86.Build.0 = Debug|Any CPU
		{3C2DB953-7FE6-4027-BD21-D1B44535437D}.Release|Any CPU.ActiveCfg = Release|Any CPU
		{3C2DB953-7FE6-4027-BD21-D1B44535437D}.Release|Any CPU.Build.0 = Release|Any CPU
		{3C2DB953-7FE6-4027-BD21-D1B44535437D}.Release|x64.ActiveCfg = Release|Any CPU
		{3C2DB953-7FE6-4027-BD21-D1B44535437D}.Release|x64.Build.0 = Release|Any CPU
		{3C2DB953-7FE6-4027-BD21-D1B44535437D}.Release|x86.ActiveCfg = Release|Any CPU
		{3C2DB953-7FE6-4027-BD21-D1B44535437D}.Release|x86.Build.0 = Release|Any CPU
		{B6E4E5C9-9006-4F3B-BD96-B331577EC93D}.Debug|Any CPU.ActiveCfg = Debug|x64
		{B6E4E5C9-9006-4F3B-BD96-B331577EC93D}.Debug|Any CPU.Build.0 = Debug|x64
		{B6E4E5C9-9006-4F3B-BD96-B331577EC93D}.Debug|x64.ActiveCfg = Debug|x64
		{B6E4E5C9-9006-4F3B-BD96-B331577EC93D}.Debug|x64.Build.0 = Debug|x64
		{B6E4E5C9-9006-4F3B-BD96-B331577EC93D}.Debug|x86.ActiveCfg = Debug|Win32
		{B6E4E5C9-9006-4F3B-BD96-B331577EC93D}.Debug|x86.Build.0 = Debug|Win32
		{B6E4E5C9-9006-4F3B-BD96-B331577EC93D}.Release|Any CPU.ActiveCfg = Release|x64
		{B6E4E5C9-9006-4F3B-BD96-B331577EC93D}.Release|Any CPU.Build.0 = Release|x64
		{B6E4E5C9-9006-4F3B-BD96-B331577EC93D}.Release|x64.ActiveCfg = Release|x64
		{B6E4E5C9-9006-4F3B-BD96-B331577EC93D}.Release|x64.Build.0 = Release|x64
		{B6E4E5C9-9006-4F3B-BD96-B331577EC93D}.Release|x86.ActiveCfg = Release|Win32
		{B6E4E5C9-9006-4F3B-BD96-B331577EC93D}.Release|x86.Build.0 = Release|Win32
		{D76A2B0C-329F-4A6A-89EF-918E3FACCB37}.Debug|Any CPU.ActiveCfg = Debug|Any CPU
		{D76A2B0C-329F-4A6A-89EF-918E3FACCB37}.Debug|Any CPU.Build.0 = Debug|Any CPU
		{D76A2B0C-329F-4A6A-89EF-918E3FACCB37}.Debug|x64.ActiveCfg = Debug|Any CPU
		{D76A2B0C-329F-4A6A-89EF-918E3FACCB37}.Debug|x64.Build.0 = Debug|Any CPU
		{D76A2B0C-329F-4A6A-89EF-918E3FACCB37}.Debug|x86.ActiveCfg = Debug|Any CPU
		{D76A2B0C-329F-4A6A-89EF-918E3FACCB37}.Debug|x86.Build.0 = Debug|Any CPU
		{D76A2B0C-329F-4A6A-89EF-918E3FACCB37}.Release|Any CPU.ActiveCfg = Release|Any CPU
		{D76A2B0C-329F-4A6A-89EF-918E3FACCB37}.Release|Any CPU.Build.0 = Release|Any CPU
		{D76A2B0C-329F-4A6A-89EF-918E3FACCB37}.Release|x64.ActiveCfg = Release|Any CPU
		{D76A2B0C-329F-4A6A-89EF-918E3FACCB37}.Release|x64.Build.0 = Release|Any CPU
		{D76A2B0C-329F-4A6A-89EF-918E3FACCB37}.Release|x86.ActiveCfg = Release|Any CPU
		{D76A2B0C-329F-4A6A-89EF-918E3FACCB37}.Release|x86.Build.0 = Release|Any CPU
	EndGlobalSection
	GlobalSection(SolutionProperties) = preSolution
		HideSolutionNode = FALSE
	EndGlobalSection
	GlobalSection(ExtensibilityGlobals) = postSolution
		SolutionGuid = {BAF2F8E0-D1F9-4320-9304-996082367A23}
	EndGlobalSection
EndGlobal
